
Microsoft Visual Studio Solution File, Format Version 12.00
# Visual Studio Version 17
VisualStudioVersion = 17.2.32516.85
MinimumVisualStudioVersion = 10.0.40219.1
Project("{FAE04EC0-301F-11D3-BF4B-00C04F79EFBC}") = "ApiSeriesPersonajes2023", "ApiSeriesPersonajes2023\ApiSeriesPersonajes2023.csproj", "{4FFB1CD6-2E08-4549-9196-F0D397CA7B58}"
EndProject
Global
	GlobalSection(SolutionConfigurationPlatforms) = preSolution
		Debug|Any CPU = Debug|Any CPU
		Release|Any CPU = Release|Any CPU
	EndGlobalSection
	GlobalSection(ProjectConfigurationPlatforms) = postSolution
		{4FFB1CD6-2E08-4549-9196-F0D397CA7B58}.Debug|Any CPU.ActiveCfg = Debug|Any CPU
		{4FFB1CD6-2E08-4549-9196-F0D397CA7B58}.Debug|Any CPU.Build.0 = Debug|Any CPU
		{4FFB1CD6-2E08-4549-9196-F0D397CA7B58}.Release|Any CPU.ActiveCfg = Release|Any CPU
		{4FFB1CD6-2E08-4549-9196-F0D397CA7B58}.Release|Any CPU.Build.0 = Release|Any CPU
	EndGlobalSection
	GlobalSection(SolutionProperties) = preSolution
		HideSolutionNode = FALSE
	EndGlobalSection
	GlobalSection(ExtensibilityGlobals) = postSolution
		SolutionGuid = {C560F9A5-DD48-414B-B85D-B8ACAEB66D17}
	EndGlobalSection
EndGlobal
